
Microsoft Visual Studio Solution File, Format Version 12.00
# Visual Studio Version 16
VisualStudioVersion = 16.0.29326.143
MinimumVisualStudioVersion = 10.0.40219.1
Project("{FAE04EC0-301F-11D3-BF4B-00C04F79EFBC}") = "XPO_СкладОИТ_ВыдачаНоменклатуры", "XPO_СкладОИТ_ВыдачаНоменклатуры.csproj", "{AB8CBAC3-39C7-4218-9D8D-4F3C52133A7D}"
EndProject
Global
	GlobalSection(SolutionConfigurationPlatforms) = preSolution
		Debug|Any CPU = Debug|Any CPU
		Release|Any CPU = Release|Any CPU
	EndGlobalSection
	GlobalSection(ProjectConfigurationPlatforms) = postSolution
		{AB8CBAC3-39C7-4218-9D8D-4F3C52133A7D}.Debug|Any CPU.ActiveCfg = Debug|Any CPU
		{AB8CBAC3-39C7-4218-9D8D-4F3C52133A7D}.Debug|Any CPU.Build.0 = Debug|Any CPU
		{AB8CBAC3-39C7-4218-9D8D-4F3C52133A7D}.Release|Any CPU.ActiveCfg = Release|Any CPU
		{AB8CBAC3-39C7-4218-9D8D-4F3C52133A7D}.Release|Any CPU.Build.0 = Release|Any CPU
	EndGlobalSection
	GlobalSection(SolutionProperties) = preSolution
		HideSolutionNode = FALSE
	EndGlobalSection
	GlobalSection(ExtensibilityGlobals) = postSolution
		SolutionGuid = {68164E0A-18C1-479B-909E-33FF7EC1DC78}
	EndGlobalSection
EndGlobal
